{
  "requires": true,
  "lockfileVersion": 1,
  "dependencies": {
    "@typed/curry": {
      "version": "1.0.1",
      "resolved": "https://registry.npmjs.org/@typed/curry/-/curry-1.0.1.tgz",
      "integrity": "sha1-VV1GJLDL8J4QGUUybTu5/8q6NlU="
    },
    "@typed/hashmap": {
      "version": "1.0.1",
      "resolved": "https://registry.npmjs.org/@typed/hashmap/-/hashmap-1.0.1.tgz",
      "integrity": "sha1-LpI2+UAnI/A0zT+lxaUfSbo8yLQ=",
      "requires": {
        "@typed/curry": "1.0.1",
        "lodash-es": "4.17.8"
      }
    },
    "lodash-es": {
      "version": "4.17.8",
      "resolved": "https://registry.npmjs.org/lodash-es/-/lodash-es-4.17.8.tgz",
      "integrity": "sha512-I9mjAxengFAleSThFhhAhvba6fsO0hunb9/0sQ6qQihSZsJRBofv2rYH58WXaOb/O++eUmYpCLywSQ22GfU+sA=="
    }
  }
}
